
Microsoft Visual Studio Solution File, Format Version 12.00
# Visual Studio 15
VisualStudioVersion = 15.0.27703.2042
MinimumVisualStudioVersion = 10.0.40219.1
Project("{FAE04EC0-301F-11D3-BF4B-00C04F79EFBC}") = "project", "project\project.csproj", "{2FAAF1B3-2D02-449D-B299-33B179D7321E}"
EndProject
Global
	GlobalSection(SolutionConfigurationPlatforms) = preSolution
		Debug|Any CPU = Debug|Any CPU
		Release|Any CPU = Release|Any CPU
	EndGlobalSection
	GlobalSection(ProjectConfigurationPlatforms) = postSolution
		{2FAAF1B3-2D02-449D-B299-33B179D7321E}.Debug|Any CPU.ActiveCfg = Debug|Any CPU
		{2FAAF1B3-2D02-449D-B299-33B179D7321E}.Debug|Any CPU.Build.0 = Debug|Any CPU
		{2FAAF1B3-2D02-449D-B299-33B179D7321E}.Release|Any CPU.ActiveCfg = Release|Any CPU
		{2FAAF1B3-2D02-449D-B299-33B179D7321E}.Release|Any CPU.Build.0 = Release|Any CPU
	EndGlobalSection
	GlobalSection(SolutionProperties) = preSolution
		HideSolutionNode = FALSE
	EndGlobalSection
	GlobalSection(ExtensibilityGlobals) = postSolution
		SolutionGuid = {9EA04C7E-FA9D-43E9-B078-36DE7B55887D}
	EndGlobalSection
EndGlobal
